
Microsoft Visual Studio Solution File, Format Version 12.00
# Visual Studio 2013
Project("{FAE04EC0-301F-11D3-BF4B-00C04F79EFBC}") = "LifeTrail.CSharp", "LifeTrail.CSharp.csproj", "{F2EA4C65-312D-813D-B25C-90A53A05099A}"
EndProject
Global
	GlobalSection(SolutionConfigurationPlatforms) = preSolution
		Debug|Any CPU = Debug|Any CPU
		Release|Any CPU = Release|Any CPU
	EndGlobalSection
	GlobalSection(ProjectConfigurationPlatforms) = postSolution
		{F2EA4C65-312D-813D-B25C-90A53A05099A}.Debug|Any CPU.ActiveCfg = Debug|Any CPU
		{F2EA4C65-312D-813D-B25C-90A53A05099A}.Debug|Any CPU.Build.0 = Debug|Any CPU
		{F2EA4C65-312D-813D-B25C-90A53A05099A}.Release|Any CPU.ActiveCfg = Release|Any CPU
		{F2EA4C65-312D-813D-B25C-90A53A05099A}.Release|Any CPU.Build.0 = Release|Any CPU
	EndGlobalSection
	GlobalSection(SolutionProperties) = preSolution
		HideSolutionNode = FALSE
	EndGlobalSection
EndGlobal
